
Microsoft Visual Studio Solution File, Format Version 12.00
# Visual Studio Version 16
VisualStudioVersion = 16.0.32802.440
MinimumVisualStudioVersion = 10.0.40219.1
Project("{FAE04EC0-301F-11D3-BF4B-00C04F79EFBC}") = "crud.entrevista", "crud.entrevista\crud.entrevista.csproj", "{7ABACE54-1096-4D29-8EEB-E1ED582637A1}"
EndProject
Global
	GlobalSection(SolutionConfigurationPlatforms) = preSolution
		Debug|Any CPU = Debug|Any CPU
		Release|Any CPU = Release|Any CPU
	EndGlobalSection
	GlobalSection(ProjectConfigurationPlatforms) = postSolution
		{7ABACE54-1096-4D29-8EEB-E1ED582637A1}.Debug|Any CPU.ActiveCfg = Debug|Any CPU
		{7ABACE54-1096-4D29-8EEB-E1ED582637A1}.Debug|Any CPU.Build.0 = Debug|Any CPU
		{7ABACE54-1096-4D29-8EEB-E1ED582637A1}.Release|Any CPU.ActiveCfg = Release|Any CPU
		{7ABACE54-1096-4D29-8EEB-E1ED582637A1}.Release|Any CPU.Build.0 = Release|Any CPU
	EndGlobalSection
	GlobalSection(SolutionProperties) = preSolution
		HideSolutionNode = FALSE
	EndGlobalSection
	GlobalSection(ExtensibilityGlobals) = postSolution
		SolutionGuid = {C451D3B5-0799-4E5E-8D2E-02EA9E6BC161}
	EndGlobalSection
EndGlobal
